{
  "requires": true,
  "lockfileVersion": 1,
  "dependencies": {
    "@types/grecaptcha": {
      "version": "3.0.3",
      "resolved": "https://registry.npmjs.org/@types/grecaptcha/-/grecaptcha-3.0.3.tgz",
      "integrity": "sha512-osLqWRzsRsDtCfiCl1lbtUY8ANGCQsG/hhht3E7g1pVT7fD5SXgAg53S2grKjjSkXcm0fvMDbhUeL9NyAJvzGQ=="
    }
  }
}
